
Microsoft Visual Studio Solution File, Format Version 12.00
# Visual Studio 15
VisualStudioVersion = 15.0.28307.1972
MinimumVisualStudioVersion = 10.0.40219.1
Project("{8BC9CEB8-8B4A-11D0-8D11-00A0C91BC942}") = "BitOperation", "BitOperation\BitOperation.vcxproj", "{C92A02F1-7CEF-4369-B214-BF74209C7A8B}"
EndProject
Global
	GlobalSection(SolutionConfigurationPlatforms) = preSolution
		Debug|x64 = Debug|x64
		Debug|x86 = Debug|x86
		Release|x64 = Release|x64
		Release|x86 = Release|x86
	EndGlobalSection
	GlobalSection(ProjectConfigurationPlatforms) = postSolution
		{C92A02F1-7CEF-4369-B214-BF74209C7A8B}.Debug|x64.ActiveCfg = Debug|x64
		{C92A02F1-7CEF-4369-B214-BF74209C7A8B}.Debug|x64.Build.0 = Debug|x64
		{C92A02F1-7CEF-4369-B214-BF74209C7A8B}.Debug|x86.ActiveCfg = Debug|Win32
		{C92A02F1-7CEF-4369-B214-BF74209C7A8B}.Debug|x86.Build.0 = Debug|Win32
		{C92A02F1-7CEF-4369-B214-BF74209C7A8B}.Release|x64.ActiveCfg = Release|x64
		{C92A02F1-7CEF-4369-B214-BF74209C7A8B}.Release|x64.Build.0 = Release|x64
		{C92A02F1-7CEF-4369-B214-BF74209C7A8B}.Release|x86.ActiveCfg = Release|Win32
		{C92A02F1-7CEF-4369-B214-BF74209C7A8B}.Release|x86.Build.0 = Release|Win32
	EndGlobalSection
	GlobalSection(SolutionProperties) = preSolution
		HideSolutionNode = FALSE
	EndGlobalSection
	GlobalSection(ExtensibilityGlobals) = postSolution
		SolutionGuid = {6291B0E9-FEDA-4C89-94EC-7C12504F3E6A}
	EndGlobalSection
EndGlobal
